
Microsoft Visual Studio Solution File, Format Version 12.00
# Visual Studio Version 17
VisualStudioVersion = 17.10.34916.146
MinimumVisualStudioVersion = 10.0.40219.1
Project("{FAE04EC0-301F-11D3-BF4B-00C04F79EFBC}") = "slot_game", "slot_game\slot_game.csproj", "{52AC4A9D-5499-451B-871F-A45F8B5AEFE0}"
EndProject
Global
	GlobalSection(SolutionConfigurationPlatforms) = preSolution
		Debug|Any CPU = Debug|Any CPU
		Release|Any CPU = Release|Any CPU
	EndGlobalSection
	GlobalSection(ProjectConfigurationPlatforms) = postSolution
		{52AC4A9D-5499-451B-871F-A45F8B5AEFE0}.Debug|Any CPU.ActiveCfg = Debug|Any CPU
		{52AC4A9D-5499-451B-871F-A45F8B5AEFE0}.Debug|Any CPU.Build.0 = Debug|Any CPU
		{52AC4A9D-5499-451B-871F-A45F8B5AEFE0}.Release|Any CPU.ActiveCfg = Release|Any CPU
		{52AC4A9D-5499-451B-871F-A45F8B5AEFE0}.Release|Any CPU.Build.0 = Release|Any CPU
	EndGlobalSection
	GlobalSection(SolutionProperties) = preSolution
		HideSolutionNode = FALSE
	EndGlobalSection
	GlobalSection(ExtensibilityGlobals) = postSolution
		SolutionGuid = {9AB2E522-92BC-4CC3-A36B-764B5F26F2F3}
	EndGlobalSection
EndGlobal
